{
  "version": 4,
  "terraform_version": "1.5.4",
  "serial": 503,
  "lineage": "7cfa434d-8fce-a1fa-a824-583ae2f73d7e",
  "outputs": {},
  "resources": [
    {
      "module": "module.cloud_run",
      "mode": "managed",
      "type": "google_cloud_run_service",
      "name": "default",
      "provider": "provider[\"registry.terraform.io/hashicorp/google\"]",
      "instances": [
        {
          "schema_version": 2,
          "attributes": {
            "autogenerate_revision_name": true,
            "id": "locations/us-central1/namespaces/ford-4360b648e7193d62719765c7/services/webex-bot-genapp",
            "location": "us-central1",
            "metadata": [
              {
                "annotations": {
                  "run.googleapis.com/ingress": "internal"
                },
                "effective_annotations": {
                  "run.googleapis.com/client-name": "gcloud",
                  "run.googleapis.com/client-version": "451.0.1",
                  "run.googleapis.com/ingress": "internal",
                  "run.googleapis.com/ingress-status": "internal",
                  "run.googleapis.com/operation-id": "93e81d8f-bc90-4d8b-920d-186e53633d16",
                  "serving.knative.dev/creator": "dprabak7@ford.com",
                  "serving.knative.dev/lastModifier": "dprabak7@ford.com"
                },
                "effective_labels": {
                  "cloud.googleapis.com/location": "us-central1"
                },
                "generation": 189,
                "labels": {},
                "namespace": "ford-4360b648e7193d62719765c7",
                "resource_version": "AAYNVTd0TJQ",
                "self_link": "/apis/serving.knative.dev/v1/namespaces/655678175973/services/webex-bot-genapp",
                "terraform_labels": {},
                "uid": "a9538f66-637c-4088-b8d5-b2a3f35c39dc"
              }
            ],
            "name": "webex-bot-genapp",
            "project": "ford-4360b648e7193d62719765c7",
            "status": [
              {
                "conditions": [
                  {
                    "message": "",
                    "reason": "",
                    "status": "True",
                    "type": "Ready"
                  },
                  {
                    "message": "",
                    "reason": "",
                    "status": "True",
                    "type": "ConfigurationsReady"
                  },
                  {
                    "message": "",
                    "reason": "",
                    "status": "True",
                    "type": "RoutesReady"
                  }
                ],
                "latest_created_revision_name": "webex-bot-genapp-00189-n6v",
                "latest_ready_revision_name": "webex-bot-genapp-00189-n6v",
                "observed_generation": 189,
                "traffic": [
                  {
                    "latest_revision": true,
                    "percent": 100,
                    "revision_name": "webex-bot-genapp-00189-n6v",
                    "tag": "",
                    "url": ""
                  }
                ],
                "url": "https://webex-bot-genapp-py5qtjsqtq-uc.a.run.app"
              }
            ],
            "template": [
              {
                "metadata": [
                  {
                    "annotations": {
                      "autoscaling.knative.dev/maxScale": "100",
                      "autoscaling.knative.dev/minScale": "1",
                      "run.googleapis.com/cloudsql-instances": "",
                      "run.googleapis.com/cpu-throttling": "true",
                      "run.googleapis.com/execution-environment": "gen1",
                      "run.googleapis.com/sessionAffinity": "false",
                      "run.googleapis.com/vpc-access-connector": "projects/prj-pp-gen-preprod-net-acc7/locations/us-central1/connectors/preprod-gen-central1",
                      "run.googleapis.com/vpc-access-egress": "all-traffic"
                    },
                    "generation": 0,
                    "labels": {
                      "client.knative.dev/nonce": "ltuqjplfsc",
                      "run.googleapis.com/startupProbeType": "Default"
                    },
                    "name": "",
                    "namespace": "",
                    "resource_version": "",
                    "self_link": "",
                    "uid": ""
                  }
                ],
                "spec": [
                  {
                    "container_concurrency": 80,
                    "containers": [
                      {
                        "args": [],
                        "command": [],
                        "env": [
                          {
                            "name": "BOT_ACCESS_TOKEN",
                            "value": "NjljNGJhMGItYzk3MC00OGQ5LWEzNTAtNjk0NTJjNWNlMTA0NDEzYzIzMTUtZTYw_PF84_af742d39-7515-46a3-82a7-03269e091b91",
                            "value_from": []
                          },
                          {
                            "name": "CLIENT_ID",
                            "value": "b226389c-1320-3a29-c66b-aac5d043e18e",
                            "value_from": []
                          },
                          {
                            "name": "INTEGRATION_ACCESS_TOKEN",
                            "value": "ODUxMzRmMjEtOWZhYy00MDY5LTg1MzAtMjk4NDM5NTM5NTdhN2E5M2ZhMDEtNDI1_PF84_af742d39-7515-46a3-82a7-03269e091b91",
                            "value_from": []
                          },
                          {
                            "name": "ORG_ID",
                            "value": "Y2lzY29zcGFyazovL3VzL09SR0FOSVpBVElPTi9hZjc0MmQzOS03NTE1LTQ2YTMtODJhNy0wMzI2OWUwOTFiOTE",
                            "value_from": []
                          },
                          {
                            "name": "TERCES",
                            "value": "ZwTAbP4ZYPT-Zka_GexjILroY5hC-zuioCmliITw",
                            "value_from": []
                          },
                          {
                            "name": "project_id",
                            "value": "ford-4360b648e7193d62719765c7",
                            "value_from": []
                          },
                          {
                            "name": "webhook_secret",
                            "value": "QwsxErfvTyhnUik",
                            "value_from": []
                          }
                        ],
                        "env_from": [],
                        "image": "us-central1-docker.pkg.dev/ford-4360b648e7193d62719765c7/ford-container-images/genapp-bot:56.0",
                        "liveness_probe": [],
                        "name": "",
                        "ports": [
                          {
                            "container_port": 8080,
                            "name": "http1",
                            "protocol": ""
                          }
                        ],
                        "resources": [
                          {
                            "limits": {
                              "cpu": "1000m",
                              "memory": "537M"
                            },
                            "requests": {}
                          }
                        ],
                        "startup_probe": [
                          {
                            "failure_threshold": 1,
                            "grpc": [],
                            "http_get": [],
                            "initial_delay_seconds": 0,
                            "period_seconds": 240,
                            "tcp_socket": [
                              {
                                "port": 8080
                              }
                            ],
                            "timeout_seconds": 240
                          }
                        ],
                        "volume_mounts": [],
                        "working_dir": ""
                      }
                    ],
                    "service_account_name": "sa-chatgpt-run@ford-4360b648e7193d62719765c7.iam.gserviceaccount.com",
                    "serving_state": "",
                    "timeout_seconds": 3599,
                    "volumes": []
                  }
                ]
              }
            ],
            "timeouts": null,
            "traffic": [
              {
                "latest_revision": true,
                "percent": 100,
                "revision_name": "",
                "tag": "",
                "url": ""
              }
            ]
          },
          "sensitive_attributes": [],
          "private": "eyJlMmJmYjczMC1lY2FhLTExZTYtOGY4OC0zNDM2M2JjN2M0YzAiOnsiY3JlYXRlIjoxMjAwMDAwMDAwMDAwLCJkZWxldGUiOjEyMDAwMDAwMDAwMDAsInVwZGF0ZSI6MTIwMDAwMDAwMDAwMH0sInNjaGVtYV92ZXJzaW9uIjoiMiJ9"
        }
      ]
    },
    {
      "module": "module.cloud_run",
      "mode": "managed",
      "type": "google_cloud_run_service_iam_member",
      "name": "invoker",
      "provider": "provider[\"registry.terraform.io/hashicorp/google\"]",
      "instances": [
        {
          "index_key": 0,
          "schema_version": 0,
          "attributes": {
            "condition": [],
            "etag": "BwYKA+Fdyog=",
            "id": "v1/projects/ford-4360b648e7193d62719765c7/locations/us-central1/services/webex-bot-genapp/roles/run.invoker/allUsers",
            "location": "us-central1",
            "member": "allUsers",
            "project": "ford-4360b648e7193d62719765c7",
            "role": "roles/run.invoker",
            "service": "v1/projects/ford-4360b648e7193d62719765c7/locations/us-central1/services/webex-bot-genapp"
          },
          "sensitive_attributes": [],
          "private": "bnVsbA==",
          "dependencies": [
            "module.cloud_run.google_cloud_run_service.default"
          ]
        }
      ]
    }
  ],
  "check_results": null
}
